
Microsoft Visual Studio Solution File, Format Version 12.00
# Visual Studio Version 17
VisualStudioVersion = 17.12.35707.178 d17.12
MinimumVisualStudioVersion = 10.0.40219.1
Project("{FAE04EC0-301F-11D3-BF4B-00C04F79EFBC}") = "AppSettingsConsole", "AppSettingsConsole\AppSettingsConsole.csproj", "{142AB759-5C43-4090-A38B-35A6E002CEC0}"
EndProject
Project("{FAE04EC0-301F-11D3-BF4B-00C04F79EFBC}") = "AddOnCore", "AddOnCore\AddOnCore.csproj", "{F1D00C76-C52C-47F2-A0DB-B2A03B51858D}"
EndProject
Project("{2150E333-8FDC-42A3-9474-1A3956D46DE8}") = "Tests", "Tests", "{51336F1B-B72D-485B-99EB-A7BF843BDB93}"
EndProject
Project("{FAE04EC0-301F-11D3-BF4B-00C04F79EFBC}") = "AppSettingsTests", "Tests\AppSettingsTests\AppSettingsTests.csproj", "{8C595F50-1CEA-4D53-B5F9-E3EFF572508E}"
EndProject
Global
	GlobalSection(SolutionConfigurationPlatforms) = preSolution
		Debug|Any CPU = Debug|Any CPU
		Release|Any CPU = Release|Any CPU
	EndGlobalSection
	GlobalSection(ProjectConfigurationPlatforms) = postSolution
		{142AB759-5C43-4090-A38B-35A6E002CEC0}.Debug|Any CPU.ActiveCfg = Debug|Any CPU
		{142AB759-5C43-4090-A38B-35A6E002CEC0}.Debug|Any CPU.Build.0 = Debug|Any CPU
		{142AB759-5C43-4090-A38B-35A6E002CEC0}.Release|Any CPU.ActiveCfg = Release|Any CPU
		{142AB759-5C43-4090-A38B-35A6E002CEC0}.Release|Any CPU.Build.0 = Release|Any CPU
		{F1D00C76-C52C-47F2-A0DB-B2A03B51858D}.Debug|Any CPU.ActiveCfg = Debug|Any CPU
		{F1D00C76-C52C-47F2-A0DB-B2A03B51858D}.Debug|Any CPU.Build.0 = Debug|Any CPU
		{F1D00C76-C52C-47F2-A0DB-B2A03B51858D}.Release|Any CPU.ActiveCfg = Release|Any CPU
		{F1D00C76-C52C-47F2-A0DB-B2A03B51858D}.Release|Any CPU.Build.0 = Release|Any CPU
		{8C595F50-1CEA-4D53-B5F9-E3EFF572508E}.Debug|Any CPU.ActiveCfg = Debug|Any CPU
		{8C595F50-1CEA-4D53-B5F9-E3EFF572508E}.Debug|Any CPU.Build.0 = Debug|Any CPU
		{8C595F50-1CEA-4D53-B5F9-E3EFF572508E}.Release|Any CPU.ActiveCfg = Release|Any CPU
		{8C595F50-1CEA-4D53-B5F9-E3EFF572508E}.Release|Any CPU.Build.0 = Release|Any CPU
	EndGlobalSection
	GlobalSection(SolutionProperties) = preSolution
		HideSolutionNode = FALSE
	EndGlobalSection
	GlobalSection(NestedProjects) = preSolution
		{8C595F50-1CEA-4D53-B5F9-E3EFF572508E} = {51336F1B-B72D-485B-99EB-A7BF843BDB93}
	EndGlobalSection
EndGlobal
